
Microsoft Visual Studio Solution File, Format Version 12.00
Project("{FAE04EC0-301F-11D3-BF4B-00C04F79EFBC}") = "AdventOfCode2021", "AdventOfCode2021\AdventOfCode2021.csproj", "{22713A79-50D5-4169-B910-3515ED055C06}"
EndProject
Project("{FAE04EC0-301F-11D3-BF4B-00C04F79EFBC}") = "AdventOfCode2021.test", "AdventOfCode2021.test\AdventOfCode2021.test.csproj", "{2D9A682D-4CE5-4B86-978E-6F972974B770}"
EndProject
Global
	GlobalSection(SolutionConfigurationPlatforms) = preSolution
		Debug|Any CPU = Debug|Any CPU
		Release|Any CPU = Release|Any CPU
	EndGlobalSection
	GlobalSection(ProjectConfigurationPlatforms) = postSolution
		{22713A79-50D5-4169-B910-3515ED055C06}.Debug|Any CPU.ActiveCfg = Debug|Any CPU
		{22713A79-50D5-4169-B910-3515ED055C06}.Debug|Any CPU.Build.0 = Debug|Any CPU
		{22713A79-50D5-4169-B910-3515ED055C06}.Release|Any CPU.ActiveCfg = Release|Any CPU
		{22713A79-50D5-4169-B910-3515ED055C06}.Release|Any CPU.Build.0 = Release|Any CPU
		{2D9A682D-4CE5-4B86-978E-6F972974B770}.Debug|Any CPU.ActiveCfg = Debug|Any CPU
		{2D9A682D-4CE5-4B86-978E-6F972974B770}.Debug|Any CPU.Build.0 = Debug|Any CPU
		{2D9A682D-4CE5-4B86-978E-6F972974B770}.Release|Any CPU.ActiveCfg = Release|Any CPU
		{2D9A682D-4CE5-4B86-978E-6F972974B770}.Release|Any CPU.Build.0 = Release|Any CPU
	EndGlobalSection
EndGlobal
